
Microsoft Visual Studio Solution File, Format Version 12.00
# Visual Studio Version 16
VisualStudioVersion = 16.0.31019.35
MinimumVisualStudioVersion = 10.0.40219.1
Project("{FAE04EC0-301F-11D3-BF4B-00C04F79EFBC}") = "Qr code", "Qr code\Qr code.csproj", "{BE5F565A-F9EF-4BC7-8235-D307DEDD1021}"
EndProject
Global
	GlobalSection(SolutionConfigurationPlatforms) = preSolution
		Debug|Any CPU = Debug|Any CPU
		Release|Any CPU = Release|Any CPU
	EndGlobalSection
	GlobalSection(ProjectConfigurationPlatforms) = postSolution
		{BE5F565A-F9EF-4BC7-8235-D307DEDD1021}.Debug|Any CPU.ActiveCfg = Debug|Any CPU
		{BE5F565A-F9EF-4BC7-8235-D307DEDD1021}.Debug|Any CPU.Build.0 = Debug|Any CPU
		{BE5F565A-F9EF-4BC7-8235-D307DEDD1021}.Release|Any CPU.ActiveCfg = Release|Any CPU
		{BE5F565A-F9EF-4BC7-8235-D307DEDD1021}.Release|Any CPU.Build.0 = Release|Any CPU
	EndGlobalSection
	GlobalSection(SolutionProperties) = preSolution
		HideSolutionNode = FALSE
	EndGlobalSection
	GlobalSection(ExtensibilityGlobals) = postSolution
		SolutionGuid = {548B622E-2851-438B-A1DE-CAEBA382EDD0}
	EndGlobalSection
EndGlobal
